
Microsoft Visual Studio Solution File, Format Version 12.00
# Visual Studio Version 17
VisualStudioVersion = 17.7.34221.43
MinimumVisualStudioVersion = 10.0.40219.1
Project("{FAE04EC0-301F-11D3-BF4B-00C04F79EFBC}") = "Blog.Web", "Blog.Web\Blog.Web.csproj", "{E1C4AF4B-6851-48F0-A7A2-436D1170746B}"
EndProject
Project("{FAE04EC0-301F-11D3-BF4B-00C04F79EFBC}") = "Blog.Entity", "Blog.Entity\Blog.Entity.csproj", "{78C05A4C-817B-4831-A1B6-3E290CAC7924}"
EndProject
Project("{FAE04EC0-301F-11D3-BF4B-00C04F79EFBC}") = "Blog.Data", "Blog.Data\Blog.Data.csproj", "{923767F3-2582-4968-94FA-4CCC7CA79BF5}"
EndProject
Project("{FAE04EC0-301F-11D3-BF4B-00C04F79EFBC}") = "Blog.Core", "Blog.Core\Blog.Core.csproj", "{38957694-3B82-4CF5-A1DF-165699856C7D}"
EndProject
Project("{FAE04EC0-301F-11D3-BF4B-00C04F79EFBC}") = "Blog.Service", "Blog.Service\Blog.Service.csproj", "{AB9E6DFA-8345-4EAD-AB6F-33799D6DC1C3}"
EndProject
Global
	GlobalSection(SolutionConfigurationPlatforms) = preSolution
		Debug|Any CPU = Debug|Any CPU
		Release|Any CPU = Release|Any CPU
	EndGlobalSection
	GlobalSection(ProjectConfigurationPlatforms) = postSolution
		{E1C4AF4B-6851-48F0-A7A2-436D1170746B}.Debug|Any CPU.ActiveCfg = Debug|Any CPU
		{E1C4AF4B-6851-48F0-A7A2-436D1170746B}.Debug|Any CPU.Build.0 = Debug|Any CPU
		{E1C4AF4B-6851-48F0-A7A2-436D1170746B}.Release|Any CPU.ActiveCfg = Release|Any CPU
		{E1C4AF4B-6851-48F0-A7A2-436D1170746B}.Release|Any CPU.Build.0 = Release|Any CPU
		{78C05A4C-817B-4831-A1B6-3E290CAC7924}.Debug|Any CPU.ActiveCfg = Debug|Any CPU
		{78C05A4C-817B-4831-A1B6-3E290CAC7924}.Debug|Any CPU.Build.0 = Debug|Any CPU
		{78C05A4C-817B-4831-A1B6-3E290CAC7924}.Release|Any CPU.ActiveCfg = Release|Any CPU
		{78C05A4C-817B-4831-A1B6-3E290CAC7924}.Release|Any CPU.Build.0 = Release|Any CPU
		{923767F3-2582-4968-94FA-4CCC7CA79BF5}.Debug|Any CPU.ActiveCfg = Debug|Any CPU
		{923767F3-2582-4968-94FA-4CCC7CA79BF5}.Debug|Any CPU.Build.0 = Debug|Any CPU
		{923767F3-2582-4968-94FA-4CCC7CA79BF5}.Release|Any CPU.ActiveCfg = Release|Any CPU
		{923767F3-2582-4968-94FA-4CCC7CA79BF5}.Release|Any CPU.Build.0 = Release|Any CPU
		{38957694-3B82-4CF5-A1DF-165699856C7D}.Debug|Any CPU.ActiveCfg = Debug|Any CPU
		{38957694-3B82-4CF5-A1DF-165699856C7D}.Debug|Any CPU.Build.0 = Debug|Any CPU
		{38957694-3B82-4CF5-A1DF-165699856C7D}.Release|Any CPU.ActiveCfg = Release|Any CPU
		{38957694-3B82-4CF5-A1DF-165699856C7D}.Release|Any CPU.Build.0 = Release|Any CPU
		{AB9E6DFA-8345-4EAD-AB6F-33799D6DC1C3}.Debug|Any CPU.ActiveCfg = Debug|Any CPU
		{AB9E6DFA-8345-4EAD-AB6F-33799D6DC1C3}.Debug|Any CPU.Build.0 = Debug|Any CPU
		{AB9E6DFA-8345-4EAD-AB6F-33799D6DC1C3}.Release|Any CPU.ActiveCfg = Release|Any CPU
		{AB9E6DFA-8345-4EAD-AB6F-33799D6DC1C3}.Release|Any CPU.Build.0 = Release|Any CPU
	EndGlobalSection
	GlobalSection(SolutionProperties) = preSolution
		HideSolutionNode = FALSE
	EndGlobalSection
	GlobalSection(ExtensibilityGlobals) = postSolution
		SolutionGuid = {57BED0A5-2B5D-4759-A7C5-5E027C861E10}
	EndGlobalSection
EndGlobal
